{
  "name": "shirin",
  "version": "4.2.0",
  "lockfileVersion": 2,
  "requires": true,
  "packages": {
    "": {
      "name": "shirin",
      "version": "4.2.0",
      "license": "MIT",
      "dependencies": {
        "@sentry/node": "^7.3.1",
        "@sentry/tracing": "^7.3.1",
        "eris": "^0.17.1"
      },
      "engines": {
        "node": ">=14.2.0"
      }
    },
    "node_modules/@sentry/core": {
      "version": "7.3.1",
      "resolved": "https://registry.npmjs.org/@sentry/core/-/core-7.3.1.tgz",
      "integrity": "sha512-UYPNDluFtj5w6alh+SjSm9p6kxReKVcKEE+EPE4o44pdowjZ1BFTUY6ipMJhtIiDPr/51eeP8TuYdOAbo0Z9Pg==",
      "dependencies": {
        "@sentry/hub": "7.3.1",
        "@sentry/types": "7.3.1",
        "@sentry/utils": "7.3.1",
        "tslib": "^1.9.3"
      },
      "engines": {
        "node": ">=8"
      }
    },
    "node_modules/@sentry/hub": {
      "version": "7.3.1",
      "resolved": "https://registry.npmjs.org/@sentry/hub/-/hub-7.3.1.tgz",
      "integrity": "sha512-TFewt7zDvVLLrCfKkmvJEO4GPw3oPvR2t+606Z4S2gKiekGXKFGX4YC5u0ytoPfi+NMadXz4HivfrPuxrMy1JQ==",
      "dependencies": {
        "@sentry/types": "7.3.1",
        "@sentry/utils": "7.3.1",
        "tslib": "^1.9.3"
      },
      "engines": {
        "node": ">=8"
      }
    },
    "node_modules/@sentry/node": {
      "version": "7.3.1",
      "resolved": "https://registry.npmjs.org/@sentry/node/-/node-7.3.1.tgz",
      "integrity": "sha512-nuv/TZToJgRAIR4o/cpxhd3zYN5cSbXgctygDlaPSZmAdJeuuivy8Qy2ZJn37COA60yoAKRhGFBr38YBw8GQ6Q==",
      "dependencies": {
        "@sentry/core": "7.3.1",
        "@sentry/hub": "7.3.1",
        "@sentry/types": "7.3.1",
        "@sentry/utils": "7.3.1",
        "cookie": "^0.4.1",
        "https-proxy-agent": "^5.0.0",
        "lru_map": "^0.3.3",
        "tslib": "^1.9.3"
      },
      "engines": {
        "node": ">=8"
      }
    },
    "node_modules/@sentry/tracing": {
      "version": "7.3.1",
      "resolved": "https://registry.npmjs.org/@sentry/tracing/-/tracing-7.3.1.tgz",
      "integrity": "sha512-7WXIw9JiCqs3fYr2+ZwSpDQaCt64VfzjeDBo+YzPR+FmPDboo4ECHFSie4d7nZXgpVkC45iOeWE1Y1Fd0vkjgA==",
      "dependencies": {
        "@sentry/hub": "7.3.1",
        "@sentry/types": "7.3.1",
        "@sentry/utils": "7.3.1",
        "tslib": "^1.9.3"
      },
      "engines": {
        "node": ">=8"
      }
    },
    "node_modules/@sentry/types": {
      "version": "7.3.1",
      "resolved": "https://registry.npmjs.org/@sentry/types/-/types-7.3.1.tgz",
      "integrity": "sha512-EZaRLJ8G2aSb7Vlpe1TR9LRZKY5gNpufuu8OXVrnTHiEMLHNUv1NrLQevy2m1SQUkg43oLdTyMKdM+nTESIC+A==",
      "engines": {
        "node": ">=8"
      }
    },
    "node_modules/@sentry/utils": {
      "version": "7.3.1",
      "resolved": "https://registry.npmjs.org/@sentry/utils/-/utils-7.3.1.tgz",
      "integrity": "sha512-lrwbyajioWeG/CTFCzRh0Pu+zd/P+A+ASToEy2WIQsRbUORZrOmHSVzP0KR+TSZE0TMNrwxUwjSYZoyWCfZ1wQ==",
      "dependencies": {
        "@sentry/types": "7.3.1",
        "tslib": "^1.9.3"
      },
      "engines": {
        "node": ">=8"
      }
    },
    "node_modules/agent-base": {
      "version": "6.0.2",
      "resolved": "https://registry.npmjs.org/agent-base/-/agent-base-6.0.2.tgz",
      "integrity": "sha512-RZNwNclF7+MS/8bDg70amg32dyeZGZxiDuQmZxKLAlQjr3jGyLx+4Kkk58UO7D2QdgFIQCovuSuZESne6RG6XQ==",
      "dependencies": {
        "debug": "4"
      },
      "engines": {
        "node": ">= 6.0.0"
      }
    },
    "node_modules/cookie": {
      "version": "0.4.2",
      "resolved": "https://registry.npmjs.org/cookie/-/cookie-0.4.2.tgz",
      "integrity": "sha512-aSWTXFzaKWkvHO1Ny/s+ePFpvKsPnjc551iI41v3ny/ow6tBG5Vd+FuqGNhh1LxOmVzOlGUriIlOaokOvhaStA==",
      "engines": {
        "node": ">= 0.6"
      }
    },
    "node_modules/debug": {
      "version": "4.3.4",
      "resolved": "https://registry.npmjs.org/debug/-/debug-4.3.4.tgz",
      "integrity": "sha512-PRWFHuSU3eDtQJPvnNY7Jcket1j0t5OuOsFzPPzsekD52Zl8qUfFIPEiswXqIvHWGVHOgX+7G/vCNNhehwxfkQ==",
      "dependencies": {
        "ms": "2.1.2"
      },
      "engines": {
        "node": ">=6.0"
      },
      "peerDependenciesMeta": {
        "supports-color": {
          "optional": true
        }
      }
    },
    "node_modules/eris": {
      "version": "0.17.1",
      "resolved": "https://registry.npmjs.org/eris/-/eris-0.17.1.tgz",
      "integrity": "sha512-PexpHusPxViuzcsSM0GQEAgZRJbziFfeeLifc8+ZrvS88UusPieQlUD7pRm28E7m7rN+p+Rt6bf9jGLwD725Zg==",
      "dependencies": {
        "ws": "^8.2.3"
      },
      "engines": {
        "node": ">=10.4.0"
      },
      "optionalDependencies": {
        "opusscript": "^0.0.8",
        "tweetnacl": "^1.0.3"
      }
    },
    "node_modules/https-proxy-agent": {
      "version": "5.0.1",
      "resolved": "https://registry.npmjs.org/https-proxy-agent/-/https-proxy-agent-5.0.1.tgz",
      "integrity": "sha512-dFcAjpTQFgoLMzC2VwU+C/CbS7uRL0lWmxDITmqm7C+7F0Odmj6s9l6alZc6AELXhrnggM2CeWSXHGOdX2YtwA==",
      "dependencies": {
        "agent-base": "6",
        "debug": "4"
      },
      "engines": {
        "node": ">= 6"
      }
    },
    "node_modules/lru_map": {
      "version": "0.3.3",
      "resolved": "https://registry.npmjs.org/lru_map/-/lru_map-0.3.3.tgz",
      "integrity": "sha512-Pn9cox5CsMYngeDbmChANltQl+5pi6XmTrraMSzhPmMBbmgcxmqWry0U3PGapCU1yB4/LqCcom7qhHZiF/jGfQ=="
    },
    "node_modules/ms": {
      "version": "2.1.2",
      "resolved": "https://registry.npmjs.org/ms/-/ms-2.1.2.tgz",
      "integrity": "sha512-sGkPx+VjMtmA6MX27oA4FBFELFCZZ4S4XqeGOXCv68tT+jb3vk/RyaKWP0PTKyWtmLSM0b+adUTEvbs1PEaH2w=="
    },
    "node_modules/opusscript": {
      "version": "0.0.8",
      "resolved": "https://registry.npmjs.org/opusscript/-/opusscript-0.0.8.tgz",
      "integrity": "sha512-VSTi1aWFuCkRCVq+tx/BQ5q9fMnQ9pVZ3JU4UHKqTkf0ED3fKEPdr+gKAAl3IA2hj9rrP6iyq3hlcJq3HELtNQ==",
      "optional": true
    },
    "node_modules/tslib": {
      "version": "1.14.1",
      "resolved": "https://registry.npmjs.org/tslib/-/tslib-1.14.1.tgz",
      "integrity": "sha512-Xni35NKzjgMrwevysHTCArtLDpPvye8zV/0E4EyYn43P7/7qvQwPh9BGkHewbMulVntbigmcT7rdX3BNo9wRJg=="
    },
    "node_modules/tweetnacl": {
      "version": "1.0.3",
      "resolved": "https://registry.npmjs.org/tweetnacl/-/tweetnacl-1.0.3.tgz",
      "integrity": "sha512-6rt+RN7aOi1nGMyC4Xa5DdYiukl2UWCbcJft7YhxReBGQD7OAM8Pbxw6YMo4r2diNEA8FEmu32YOn9rhaiE5yw==",
      "optional": true
    },
    "node_modules/ws": {
      "version": "8.8.0",
      "resolved": "https://registry.npmjs.org/ws/-/ws-8.8.0.tgz",
      "integrity": "sha512-JDAgSYQ1ksuwqfChJusw1LSJ8BizJ2e/vVu5Lxjq3YvNJNlROv1ui4i+c/kUUrPheBvQl4c5UbERhTwKa6QBJQ==",
      "engines": {
        "node": ">=10.0.0"
      },
      "peerDependencies": {
        "bufferutil": "^4.0.1",
        "utf-8-validate": "^5.0.2"
      },
      "peerDependenciesMeta": {
        "bufferutil": {
          "optional": true
        },
        "utf-8-validate": {
          "optional": true
        }
      }
    }
  },
  "dependencies": {
    "@sentry/core": {
      "version": "7.3.1",
      "resolved": "https://registry.npmjs.org/@sentry/core/-/core-7.3.1.tgz",
      "integrity": "sha512-UYPNDluFtj5w6alh+SjSm9p6kxReKVcKEE+EPE4o44pdowjZ1BFTUY6ipMJhtIiDPr/51eeP8TuYdOAbo0Z9Pg==",
      "requires": {
        "@sentry/hub": "7.3.1",
        "@sentry/types": "7.3.1",
        "@sentry/utils": "7.3.1",
        "tslib": "^1.9.3"
      }
    },
    "@sentry/hub": {
      "version": "7.3.1",
      "resolved": "https://registry.npmjs.org/@sentry/hub/-/hub-7.3.1.tgz",
      "integrity": "sha512-TFewt7zDvVLLrCfKkmvJEO4GPw3oPvR2t+606Z4S2gKiekGXKFGX4YC5u0ytoPfi+NMadXz4HivfrPuxrMy1JQ==",
      "requires": {
        "@sentry/types": "7.3.1",
        "@sentry/utils": "7.3.1",
        "tslib": "^1.9.3"
      }
    },
    "@sentry/node": {
      "version": "7.3.1",
      "resolved": "https://registry.npmjs.org/@sentry/node/-/node-7.3.1.tgz",
      "integrity": "sha512-nuv/TZToJgRAIR4o/cpxhd3zYN5cSbXgctygDlaPSZmAdJeuuivy8Qy2ZJn37COA60yoAKRhGFBr38YBw8GQ6Q==",
      "requires": {
        "@sentry/core": "7.3.1",
        "@sentry/hub": "7.3.1",
        "@sentry/types": "7.3.1",
        "@sentry/utils": "7.3.1",
        "cookie": "^0.4.1",
        "https-proxy-agent": "^5.0.0",
        "lru_map": "^0.3.3",
        "tslib": "^1.9.3"
      }
    },
    "@sentry/tracing": {
      "version": "7.3.1",
      "resolved": "https://registry.npmjs.org/@sentry/tracing/-/tracing-7.3.1.tgz",
      "integrity": "sha512-7WXIw9JiCqs3fYr2+ZwSpDQaCt64VfzjeDBo+YzPR+FmPDboo4ECHFSie4d7nZXgpVkC45iOeWE1Y1Fd0vkjgA==",
      "requires": {
        "@sentry/hub": "7.3.1",
        "@sentry/types": "7.3.1",
        "@sentry/utils": "7.3.1",
        "tslib": "^1.9.3"
      }
    },
    "@sentry/types": {
      "version": "7.3.1",
      "resolved": "https://registry.npmjs.org/@sentry/types/-/types-7.3.1.tgz",
      "integrity": "sha512-EZaRLJ8G2aSb7Vlpe1TR9LRZKY5gNpufuu8OXVrnTHiEMLHNUv1NrLQevy2m1SQUkg43oLdTyMKdM+nTESIC+A=="
    },
    "@sentry/utils": {
      "version": "7.3.1",
      "resolved": "https://registry.npmjs.org/@sentry/utils/-/utils-7.3.1.tgz",
      "integrity": "sha512-lrwbyajioWeG/CTFCzRh0Pu+zd/P+A+ASToEy2WIQsRbUORZrOmHSVzP0KR+TSZE0TMNrwxUwjSYZoyWCfZ1wQ==",
      "requires": {
        "@sentry/types": "7.3.1",
        "tslib": "^1.9.3"
      }
    },
    "agent-base": {
      "version": "6.0.2",
      "resolved": "https://registry.npmjs.org/agent-base/-/agent-base-6.0.2.tgz",
      "integrity": "sha512-RZNwNclF7+MS/8bDg70amg32dyeZGZxiDuQmZxKLAlQjr3jGyLx+4Kkk58UO7D2QdgFIQCovuSuZESne6RG6XQ==",
      "requires": {
        "debug": "4"
      }
    },
    "cookie": {
      "version": "0.4.2",
      "resolved": "https://registry.npmjs.org/cookie/-/cookie-0.4.2.tgz",
      "integrity": "sha512-aSWTXFzaKWkvHO1Ny/s+ePFpvKsPnjc551iI41v3ny/ow6tBG5Vd+FuqGNhh1LxOmVzOlGUriIlOaokOvhaStA=="
    },
    "debug": {
      "version": "4.3.4",
      "resolved": "https://registry.npmjs.org/debug/-/debug-4.3.4.tgz",
      "integrity": "sha512-PRWFHuSU3eDtQJPvnNY7Jcket1j0t5OuOsFzPPzsekD52Zl8qUfFIPEiswXqIvHWGVHOgX+7G/vCNNhehwxfkQ==",
      "requires": {
        "ms": "2.1.2"
      }
    },
    "eris": {
      "version": "0.17.1",
      "resolved": "https://registry.npmjs.org/eris/-/eris-0.17.1.tgz",
      "integrity": "sha512-PexpHusPxViuzcsSM0GQEAgZRJbziFfeeLifc8+ZrvS88UusPieQlUD7pRm28E7m7rN+p+Rt6bf9jGLwD725Zg==",
      "requires": {
        "opusscript": "^0.0.8",
        "tweetnacl": "^1.0.3",
        "ws": "^8.2.3"
      }
    },
    "https-proxy-agent": {
      "version": "5.0.1",
      "resolved": "https://registry.npmjs.org/https-proxy-agent/-/https-proxy-agent-5.0.1.tgz",
      "integrity": "sha512-dFcAjpTQFgoLMzC2VwU+C/CbS7uRL0lWmxDITmqm7C+7F0Odmj6s9l6alZc6AELXhrnggM2CeWSXHGOdX2YtwA==",
      "requires": {
        "agent-base": "6",
        "debug": "4"
      }
    },
    "lru_map": {
      "version": "0.3.3",
      "resolved": "https://registry.npmjs.org/lru_map/-/lru_map-0.3.3.tgz",
      "integrity": "sha512-Pn9cox5CsMYngeDbmChANltQl+5pi6XmTrraMSzhPmMBbmgcxmqWry0U3PGapCU1yB4/LqCcom7qhHZiF/jGfQ=="
    },
    "ms": {
      "version": "2.1.2",
      "resolved": "https://registry.npmjs.org/ms/-/ms-2.1.2.tgz",
      "integrity": "sha512-sGkPx+VjMtmA6MX27oA4FBFELFCZZ4S4XqeGOXCv68tT+jb3vk/RyaKWP0PTKyWtmLSM0b+adUTEvbs1PEaH2w=="
    },
    "opusscript": {
      "version": "0.0.8",
      "resolved": "https://registry.npmjs.org/opusscript/-/opusscript-0.0.8.tgz",
      "integrity": "sha512-VSTi1aWFuCkRCVq+tx/BQ5q9fMnQ9pVZ3JU4UHKqTkf0ED3fKEPdr+gKAAl3IA2hj9rrP6iyq3hlcJq3HELtNQ==",
      "optional": true
    },
    "tslib": {
      "version": "1.14.1",
      "resolved": "https://registry.npmjs.org/tslib/-/tslib-1.14.1.tgz",
      "integrity": "sha512-Xni35NKzjgMrwevysHTCArtLDpPvye8zV/0E4EyYn43P7/7qvQwPh9BGkHewbMulVntbigmcT7rdX3BNo9wRJg=="
    },
    "tweetnacl": {
      "version": "1.0.3",
      "resolved": "https://registry.npmjs.org/tweetnacl/-/tweetnacl-1.0.3.tgz",
      "integrity": "sha512-6rt+RN7aOi1nGMyC4Xa5DdYiukl2UWCbcJft7YhxReBGQD7OAM8Pbxw6YMo4r2diNEA8FEmu32YOn9rhaiE5yw==",
      "optional": true
    },
    "ws": {
      "version": "8.8.0",
      "resolved": "https://registry.npmjs.org/ws/-/ws-8.8.0.tgz",
      "integrity": "sha512-JDAgSYQ1ksuwqfChJusw1LSJ8BizJ2e/vVu5Lxjq3YvNJNlROv1ui4i+c/kUUrPheBvQl4c5UbERhTwKa6QBJQ==",
      "requires": {}
    }
  }
}
